// !$*UTF8*$!
{
	archiveVersion = 1;
	classes = {
	};
	objectVersion = 77;
	objects = {

/* Begin PBXBuildFile section */
		655F3804965718365A630E6A /* SnapshotTesting in Frameworks */ = {isa = PBXBuildFile; productRef = F6861D087885DB9D6C488F42 /* SnapshotTesting */; };
/* End PBXBuildFile section */

/* Begin PBXContainerItemProxy section */
		2E2F03CB1C4F458D88DD1B4A /* PBXContainerItemProxy */ = {
			isa = PBXContainerItemProxy;
			containerPortal = C6B1ED5B2F154BA20044510C /* Project object */;
			proxyType = 1;
			remoteGlobalIDString = C6B1ED622F154BA20044510C;
			remoteInfo = marble;
		};
		99B1188D077DF4B51A74D18D /* PBXContainerItemProxy */ = {
			isa = PBXContainerItemProxy;
			containerPortal = C6B1ED5B2F154BA20044510C /* Project object */;
			proxyType = 1;
			remoteGlobalIDString = C6B1ED622F154BA20044510C;
			remoteInfo = marble;
		};
		D71EDBE5D78D81B76E765385 /* PBXContainerItemProxy */ = {
			isa = PBXContainerItemProxy;
			containerPortal = C6B1ED5B2F154BA20044510C /* Project object */;
			proxyType = 1;
			remoteGlobalIDString = C6B1ED622F154BA20044510C;
			remoteInfo = marble;
		};
/* End PBXContainerItemProxy section */

/* Begin PBXFileReference section */
		1D50B9A33DB313DD2AF37454 /* MarbleTests.xctest */ = {isa = PBXFileReference; explicitFileType = wrapper.cfbundle; includeInIndex = 0; path = MarbleTests.xctest; sourceTree = BUILT_PRODUCTS_DIR; };
		A4A3A702FB2046FF990AE054 /* Tests/MarbleTests.xctestplan */ = {isa = PBXFileReference; lastKnownFileType = wrapper.xctestplan; path = Tests/MarbleTests.xctestplan; sourceTree = "<group>"; };
		C25C6D1EACFE4BE39F3E2D08 /* Tests/MarbleSnapshotRecord.xctestplan */ = {isa = PBXFileReference; lastKnownFileType = wrapper.xctestplan; path = Tests/MarbleSnapshotRecord.xctestplan; sourceTree = "<group>"; };
		67315268D5C8382FDD67694F /* MarbleUITests.xctest */ = {isa = PBXFileReference; explicitFileType = wrapper.cfbundle; includeInIndex = 0; path = MarbleUITests.xctest; sourceTree = BUILT_PRODUCTS_DIR; };
		9C71F1F727C76D935495558D /* MarbleSnapshotTests.xctest */ = {isa = PBXFileReference; explicitFileType = wrapper.cfbundle; includeInIndex = 0; path = MarbleSnapshotTests.xctest; sourceTree = BUILT_PRODUCTS_DIR; };
		C6B1ED632F154BA20044510C /* marble.app */ = {isa = PBXFileReference; explicitFileType = wrapper.application; includeInIndex = 0; path = marble.app; sourceTree = BUILT_PRODUCTS_DIR; };
/* End PBXFileReference section */

/* Begin PBXFileSystemSynchronizedRootGroup section */
		00A7CA843BE3D834C6DF6331 /* Tests/Snapshots */ = {
			isa = PBXFileSystemSynchronizedRootGroup;
			path = Tests/Snapshots;
			sourceTree = "<group>";
		};
		C3D3B69F08E7F0DEEF7AD6BE /* Tests/UI */ = {
			isa = PBXFileSystemSynchronizedRootGroup;
			path = Tests/UI;
			sourceTree = "<group>";
		};
		C6B1ED652F154BA20044510C /* marble */ = {
			isa = PBXFileSystemSynchronizedRootGroup;
			path = marble;
			sourceTree = "<group>";
		};
		F1B614DE8CBDA726994018D0 /* Tests/Unit */ = {
			isa = PBXFileSystemSynchronizedRootGroup;
			path = Tests/Unit;
			sourceTree = "<group>";
		};
/* End PBXFileSystemSynchronizedRootGroup section */

/* Begin PBXFrameworksBuildPhase section */
		6BCB3CF695221DEF1CDD94D3 /* Frameworks */ = {
			isa = PBXFrameworksBuildPhase;
			buildActionMask = 2147483647;
			files = (
			);
			runOnlyForDeploymentPostprocessing = 0;
		};
		93DEB3C6EE20E6DBB8C67EFB /* Frameworks */ = {
			isa = PBXFrameworksBuildPhase;
			buildActionMask = 2147483647;
			files = (
				655F3804965718365A630E6A /* SnapshotTesting in Frameworks */,
			);
			runOnlyForDeploymentPostprocessing = 0;
		};
		C6B1ED602F154BA20044510C /* Frameworks */ = {
			isa = PBXFrameworksBuildPhase;
			buildActionMask = 2147483647;
			files = (
			);
			runOnlyForDeploymentPostprocessing = 0;
		};
		DE045356EA4CBE7789F95ACC /* Frameworks */ = {
			isa = PBXFrameworksBuildPhase;
			buildActionMask = 2147483647;
			files = (
			);
			runOnlyForDeploymentPostprocessing = 0;
		};
/* End PBXFrameworksBuildPhase section */

/* Begin PBXGroup section */
		85E03B7D41EDB0B0B0607996 /* Tests */ = {
			isa = PBXGroup;
			children = (
				A4A3A702FB2046FF990AE054 /* Tests/MarbleTests.xctestplan */,
				C25C6D1EACFE4BE39F3E2D08 /* Tests/MarbleSnapshotRecord.xctestplan */,
				F1B614DE8CBDA726994018D0 /* Tests/Unit */,
				00A7CA843BE3D834C6DF6331 /* Tests/Snapshots */,
				C3D3B69F08E7F0DEEF7AD6BE /* Tests/UI */,
			);
			name = Tests;
			sourceTree = "<group>";
		};
		C6B1ED5A2F154BA20044510C = {
			isa = PBXGroup;
			children = (
				C6B1ED652F154BA20044510C /* marble */,
				85E03B7D41EDB0B0B0607996 /* Tests */,
				C6B1ED642F154BA20044510C /* Products */,
			);
			sourceTree = "<group>";
		};
		C6B1ED642F154BA20044510C /* Products */ = {
			isa = PBXGroup;
			children = (
				C6B1ED632F154BA20044510C /* marble.app */,
				1D50B9A33DB313DD2AF37454 /* MarbleTests.xctest */,
				9C71F1F727C76D935495558D /* MarbleSnapshotTests.xctest */,
				67315268D5C8382FDD67694F /* MarbleUITests.xctest */,
			);
			name = Products;
			sourceTree = "<group>";
		};
/* End PBXGroup section */

/* Begin PBXNativeTarget section */
		87F6472B2133AAAC04A2CB47 /* MarbleUITests */ = {
			isa = PBXNativeTarget;
			buildConfigurationList = E1ACAC3E3B4763C0B3AA4A98 /* Build configuration list for PBXNativeTarget "MarbleUITests" */;
			buildPhases = (
				EFAABADB881D36F7EC716010 /* Sources */,
				6BCB3CF695221DEF1CDD94D3 /* Frameworks */,
				A46653F1218D21FDDE81F657 /* Resources */,
			);
			buildRules = (
			);
			dependencies = (
				AEC41B7F5BE03EC6BE62CFA8 /* PBXTargetDependency */,
			);
			fileSystemSynchronizedGroups = (
				C3D3B69F08E7F0DEEF7AD6BE /* Tests/UI */,
			);
			name = MarbleUITests;
			productName = MarbleUITests;
			productReference = 67315268D5C8382FDD67694F /* MarbleUITests.xctest */;
			productType = "com.apple.product-type.bundle.ui-testing";
		};
		977B49B601BE1C7BC99F3064 /* MarbleSnapshotTests */ = {
			isa = PBXNativeTarget;
			buildConfigurationList = 4498D3C8D4046ABF00CBE27C /* Build configuration list for PBXNativeTarget "MarbleSnapshotTests" */;
			buildPhases = (
				6A88A49422419EFCC2C1FE69 /* Sources */,
				93DEB3C6EE20E6DBB8C67EFB /* Frameworks */,
				9C19F456EA419CDE59E2986A /* Resources */,
			);
			buildRules = (
			);
			dependencies = (
				09E185749D8375D2CBF2AF78 /* PBXTargetDependency */,
			);
			fileSystemSynchronizedGroups = (
				00A7CA843BE3D834C6DF6331 /* Tests/Snapshots */,
			);
			name = MarbleSnapshotTests;
			packageProductDependencies = (
				F6861D087885DB9D6C488F42 /* SnapshotTesting */,
			);
			productName = MarbleSnapshotTests;
			productReference = 9C71F1F727C76D935495558D /* MarbleSnapshotTests.xctest */;
			productType = "com.apple.product-type.bundle.unit-test";
		};
		C6B1ED622F154BA20044510C /* marble */ = {
			isa = PBXNativeTarget;
			buildConfigurationList = C6B1ED6E2F154BA20044510C /* Build configuration list for PBXNativeTarget "marble" */;
			buildPhases = (
				C6B1ED5F2F154BA20044510C /* Sources */,
				C6B1ED602F154BA20044510C /* Frameworks */,
				C6B1ED612F154BA20044510C /* Resources */,
			);
			buildRules = (
			);
			dependencies = (
			);
			fileSystemSynchronizedGroups = (
				C6B1ED652F154BA20044510C /* marble */,
			);
			name = marble;
			packageProductDependencies = (
			);
			productName = marble;
			productReference = C6B1ED632F154BA20044510C /* marble.app */;
			productType = "com.apple.product-type.application";
		};
		DEE1918E7F7B015FADDF5581 /* MarbleTests */ = {
			isa = PBXNativeTarget;
			buildConfigurationList = 094788CC2EF0F8DE553A1929 /* Build configuration list for PBXNativeTarget "MarbleTests" */;
			buildPhases = (
				BDDBB6BACA29E1354A897F60 /* Sources */,
				DE045356EA4CBE7789F95ACC /* Frameworks */,
				A8D86DA0264E7AFC4F2FA09B /* Resources */,
			);
			buildRules = (
			);
			dependencies = (
				F1DEF6E43F683832F1063AAA /* PBXTargetDependency */,
			);
			fileSystemSynchronizedGroups = (
				F1B614DE8CBDA726994018D0 /* Tests/Unit */,
			);
			name = MarbleTests;
			productName = MarbleTests;
			productReference = 1D50B9A33DB313DD2AF37454 /* MarbleTests.xctest */;
			productType = "com.apple.product-type.bundle.unit-test";
		};
/* End PBXNativeTarget section */

/* Begin PBXProject section */
		C6B1ED5B2F154BA20044510C /* Project object */ = {
			isa = PBXProject;
			attributes = {
				BuildIndependentTargetsInParallel = 1;
				LastSwiftUpdateCheck = 2620;
				LastUpgradeCheck = 2620;
				TargetAttributes = {
					87F6472B2133AAAC04A2CB47 = {
						CreatedOnToolsVersion = 26.2;
					};
					977B49B601BE1C7BC99F3064 = {
						CreatedOnToolsVersion = 26.2;
					};
					C6B1ED622F154BA20044510C = {
						CreatedOnToolsVersion = 26.2;
					};
					DEE1918E7F7B015FADDF5581 = {
						CreatedOnToolsVersion = 26.2;
					};
				};
			};
			buildConfigurationList = C6B1ED5E2F154BA20044510C /* Build configuration list for PBXProject "marble" */;
			developmentRegion = en;
			hasScannedForEncodings = 0;
			knownRegions = (
				en,
				Base,
			);
			mainGroup = C6B1ED5A2F154BA20044510C;
			minimizedProjectReferenceProxies = 1;
			packageReferences = (
				79796DE8CCEC1D4EAB7E81B1 /* XCRemoteSwiftPackageReference "swift-snapshot-testing" */,
			);
			preferredProjectObjectVersion = 77;
			productRefGroup = C6B1ED642F154BA20044510C /* Products */;
			projectDirPath = "";
			projectRoot = "";
			targets = (
				C6B1ED622F154BA20044510C /* marble */,
				DEE1918E7F7B015FADDF5581 /* MarbleTests */,
				977B49B601BE1C7BC99F3064 /* MarbleSnapshotTests */,
				87F6472B2133AAAC04A2CB47 /* MarbleUITests */,
			);
		};
/* End PBXProject section */

/* Begin PBXResourcesBuildPhase section */
		9C19F456EA419CDE59E2986A /* Resources */ = {
			isa = PBXResourcesBuildPhase;
			buildActionMask = 2147483647;
			files = (
			);
			runOnlyForDeploymentPostprocessing = 0;
		};
		A46653F1218D21FDDE81F657 /* Resources */ = {
			isa = PBXResourcesBuildPhase;
			buildActionMask = 2147483647;
			files = (
			);
			runOnlyForDeploymentPostprocessing = 0;
		};
		A8D86DA0264E7AFC4F2FA09B /* Resources */ = {
			isa = PBXResourcesBuildPhase;
			buildActionMask = 2147483647;
			files = (
			);
			runOnlyForDeploymentPostprocessing = 0;
		};
		C6B1ED612F154BA20044510C /* Resources */ = {
			isa = PBXResourcesBuildPhase;
			buildActionMask = 2147483647;
			files = (
			);
			runOnlyForDeploymentPostprocessing = 0;
		};
/* End PBXResourcesBuildPhase section */

/* Begin PBXSourcesBuildPhase section */
		6A88A49422419EFCC2C1FE69 /* Sources */ = {
			isa = PBXSourcesBuildPhase;
			buildActionMask = 2147483647;
			files = (
			);
			runOnlyForDeploymentPostprocessing = 0;
		};
		BDDBB6BACA29E1354A897F60 /* Sources */ = {
			isa = PBXSourcesBuildPhase;
			buildActionMask = 2147483647;
			files = (
			);
			runOnlyForDeploymentPostprocessing = 0;
		};
		C6B1ED5F2F154BA20044510C /* Sources */ = {
			isa = PBXSourcesBuildPhase;
			buildActionMask = 2147483647;
			files = (
			);
			runOnlyForDeploymentPostprocessing = 0;
		};
		EFAABADB881D36F7EC716010 /* Sources */ = {
			isa = PBXSourcesBuildPhase;
			buildActionMask = 2147483647;
			files = (
			);
			runOnlyForDeploymentPostprocessing = 0;
		};
/* End PBXSourcesBuildPhase section */

/* Begin PBXTargetDependency section */
		09E185749D8375D2CBF2AF78 /* PBXTargetDependency */ = {
			isa = PBXTargetDependency;
			target = C6B1ED622F154BA20044510C /* marble */;
			targetProxy = 99B1188D077DF4B51A74D18D /* PBXContainerItemProxy */;
		};
		AEC41B7F5BE03EC6BE62CFA8 /* PBXTargetDependency */ = {
			isa = PBXTargetDependency;
			target = C6B1ED622F154BA20044510C /* marble */;
			targetProxy = 2E2F03CB1C4F458D88DD1B4A /* PBXContainerItemProxy */;
		};
		F1DEF6E43F683832F1063AAA /* PBXTargetDependency */ = {
			isa = PBXTargetDependency;
			target = C6B1ED622F154BA20044510C /* marble */;
			targetProxy = D71EDBE5D78D81B76E765385 /* PBXContainerItemProxy */;
		};
/* End PBXTargetDependency section */

/* Begin XCBuildConfiguration section */
		3B0870E21EE1E108AFEAF036 /* Release */ = {
			isa = XCBuildConfiguration;
			buildSettings = {
				BUNDLE_LOADER = "$(TEST_HOST)";
				CODE_SIGN_STYLE = Automatic;
				DEVELOPMENT_TEAM = L49MKXGVM4;
				GENERATE_INFOPLIST_FILE = YES;
				IPHONEOS_DEPLOYMENT_TARGET = 26.2;
				LD_RUNPATH_SEARCH_PATHS = (
					"$(inherited)",
					"@executable_path/Frameworks",
					"@loader_path/Frameworks",
				);
				PRODUCT_BUNDLE_IDENTIFIER = Prism.marbleTests;
				PRODUCT_NAME = "$(TARGET_NAME)";
				SWIFT_ACTIVE_COMPILATION_CONDITIONS = "$(inherited)";
				SWIFT_VERSION = 5.0;
				TARGETED_DEVICE_FAMILY = "1,2";
				TEST_HOST = "$(BUILT_PRODUCTS_DIR)/marble.app/$(BUNDLE_EXECUTABLE_FOLDER_PATH)/marble";
			};
			name = Release;
		};
		4624DB0B73D5A6B25C9999D4 /* Release */ = {
			isa = XCBuildConfiguration;
			buildSettings = {
				BUNDLE_LOADER = "$(TEST_HOST)";
				CODE_SIGN_STYLE = Automatic;
				DEVELOPMENT_TEAM = L49MKXGVM4;
				GENERATE_INFOPLIST_FILE = YES;
				IPHONEOS_DEPLOYMENT_TARGET = 26.2;
				LD_RUNPATH_SEARCH_PATHS = (
					"$(inherited)",
					"@executable_path/Frameworks",
					"@loader_path/Frameworks",
				);
				PRODUCT_BUNDLE_IDENTIFIER = Prism.marbleSnapshotTests;
				PRODUCT_NAME = "$(TARGET_NAME)";
				SWIFT_ACTIVE_COMPILATION_CONDITIONS = "$(inherited)";
				SWIFT_VERSION = 5.0;
				TARGETED_DEVICE_FAMILY = "1,2";
				TEST_HOST = "$(BUILT_PRODUCTS_DIR)/marble.app/$(BUNDLE_EXECUTABLE_FOLDER_PATH)/marble";
			};
			name = Release;
		};
		5BE47C2DEADEF496BB225E93 /* Release */ = {
			isa = XCBuildConfiguration;
			buildSettings = {
				CODE_SIGN_STYLE = Automatic;
				DEVELOPMENT_TEAM = L49MKXGVM4;
				GENERATE_INFOPLIST_FILE = YES;
				IPHONEOS_DEPLOYMENT_TARGET = 26.2;
				PRODUCT_BUNDLE_IDENTIFIER = Prism.marbleUITests;
				PRODUCT_NAME = "$(TARGET_NAME)";
				SWIFT_ACTIVE_COMPILATION_CONDITIONS = "$(inherited)";
				SWIFT_VERSION = 5.0;
				TARGETED_DEVICE_FAMILY = "1,2";
				TEST_TARGET_NAME = marble;
			};
			name = Release;
		};
		A23D1DD937DF9C0C8D938691 /* Debug */ = {
			isa = XCBuildConfiguration;
			buildSettings = {
				CODE_SIGN_STYLE = Automatic;
				DEVELOPMENT_TEAM = L49MKXGVM4;
				GENERATE_INFOPLIST_FILE = YES;
				IPHONEOS_DEPLOYMENT_TARGET = 26.2;
				PRODUCT_BUNDLE_IDENTIFIER = Prism.marbleUITests;
				PRODUCT_NAME = "$(TARGET_NAME)";
				SWIFT_ACTIVE_COMPILATION_CONDITIONS = "DEBUG $(inherited)";
				SWIFT_VERSION = 5.0;
				TARGETED_DEVICE_FAMILY = "1,2";
				TEST_TARGET_NAME = marble;
			};
			name = Debug;
		};
		C6B1ED6C2F154BA20044510C /* Debug */ = {
			isa = XCBuildConfiguration;
			buildSettings = {
				ALWAYS_SEARCH_USER_PATHS = NO;
				ASSETCATALOG_COMPILER_GENERATE_SWIFT_ASSET_SYMBOL_EXTENSIONS = YES;
				CLANG_ANALYZER_NONNULL = YES;
				CLANG_ANALYZER_NUMBER_OBJECT_CONVERSION = YES_AGGRESSIVE;
				CLANG_CXX_LANGUAGE_STANDARD = "gnu++20";
				CLANG_ENABLE_MODULES = YES;
				CLANG_ENABLE_OBJC_ARC = YES;
				CLANG_ENABLE_OBJC_WEAK = YES;
				CLANG_WARN_BLOCK_CAPTURE_AUTORELEASING = YES;
				CLANG_WARN_BOOL_CONVERSION = YES;
				CLANG_WARN_COMMA = YES;
				CLANG_WARN_CONSTANT_CONVERSION = YES;
				CLANG_WARN_DEPRECATED_OBJC_IMPLEMENTATIONS = YES;
				CLANG_WARN_DIRECT_OBJC_ISA_USAGE = YES_ERROR;
				CLANG_WARN_DOCUMENTATION_COMMENTS = YES;
				CLANG_WARN_EMPTY_BODY = YES;
				CLANG_WARN_ENUM_CONVERSION = YES;
				CLANG_WARN_INFINITE_RECURSION = YES;
				CLANG_WARN_INT_CONVERSION = YES;
				CLANG_WARN_NON_LITERAL_NULL_CONVERSION = YES;
				CLANG_WARN_OBJC_IMPLICIT_RETAIN_SELF = YES;
				CLANG_WARN_OBJC_LITERAL_CONVERSION = YES;
				CLANG_WARN_OBJC_ROOT_CLASS = YES_ERROR;
				CLANG_WARN_QUOTED_INCLUDE_IN_FRAMEWORK_HEADER = YES;
				CLANG_WARN_RANGE_LOOP_ANALYSIS = YES;
				CLANG_WARN_STRICT_PROTOTYPES = YES;
				CLANG_WARN_SUSPICIOUS_MOVE = YES;
				CLANG_WARN_UNGUARDED_AVAILABILITY = YES_AGGRESSIVE;
				CLANG_WARN_UNREACHABLE_CODE = YES;
				CLANG_WARN__DUPLICATE_METHOD_MATCH = YES;
				COPY_PHASE_STRIP = NO;
				DEBUG_INFORMATION_FORMAT = dwarf;
				DEVELOPMENT_TEAM = L49MKXGVM4;
				ENABLE_STRICT_OBJC_MSGSEND = YES;
				ENABLE_TESTABILITY = YES;
				ENABLE_USER_SCRIPT_SANDBOXING = YES;
				GCC_C_LANGUAGE_STANDARD = gnu17;
				GCC_DYNAMIC_NO_PIC = NO;
				GCC_NO_COMMON_BLOCKS = YES;
				GCC_OPTIMIZATION_LEVEL = 0;
				GCC_PREPROCESSOR_DEFINITIONS = (
					"DEBUG=1",
					"$(inherited)",
				);
				GCC_WARN_64_TO_32_BIT_CONVERSION = YES;
				GCC_WARN_ABOUT_RETURN_TYPE = YES_ERROR;
				GCC_WARN_UNDECLARED_SELECTOR = YES;
				GCC_WARN_UNINITIALIZED_AUTOS = YES_AGGRESSIVE;
				GCC_WARN_UNUSED_FUNCTION = YES;
				GCC_WARN_UNUSED_VARIABLE = YES;
				IPHONEOS_DEPLOYMENT_TARGET = 26.2;
				LOCALIZATION_PREFERS_STRING_CATALOGS = YES;
				MTL_ENABLE_DEBUG_INFO = INCLUDE_SOURCE;
				MTL_FAST_MATH = YES;
				ONLY_ACTIVE_ARCH = YES;
				SDKROOT = iphoneos;
				SWIFT_ACTIVE_COMPILATION_CONDITIONS = "DEBUG $(inherited)";
				SWIFT_OPTIMIZATION_LEVEL = "-Onone";
			};
			name = Debug;
		};
		C6B1ED6D2F154BA20044510C /* Release */ = {
			isa = XCBuildConfiguration;
			buildSettings = {
				ALWAYS_SEARCH_USER_PATHS = NO;
				ASSETCATALOG_COMPILER_GENERATE_SWIFT_ASSET_SYMBOL_EXTENSIONS = YES;
				CLANG_ANALYZER_NONNULL = YES;
				CLANG_ANALYZER_NUMBER_OBJECT_CONVERSION = YES_AGGRESSIVE;
				CLANG_CXX_LANGUAGE_STANDARD = "gnu++20";
				CLANG_ENABLE_MODULES = YES;
				CLANG_ENABLE_OBJC_ARC = YES;
				CLANG_ENABLE_OBJC_WEAK = YES;
				CLANG_WARN_BLOCK_CAPTURE_AUTORELEASING = YES;
				CLANG_WARN_BOOL_CONVERSION = YES;
				CLANG_WARN_COMMA = YES;
				CLANG_WARN_CONSTANT_CONVERSION = YES;
				CLANG_WARN_DEPRECATED_OBJC_IMPLEMENTATIONS = YES;
				CLANG_WARN_DIRECT_OBJC_ISA_USAGE = YES_ERROR;
				CLANG_WARN_DOCUMENTATION_COMMENTS = YES;
				CLANG_WARN_EMPTY_BODY = YES;
				CLANG_WARN_ENUM_CONVERSION = YES;
				CLANG_WARN_INFINITE_RECURSION = YES;
				CLANG_WARN_INT_CONVERSION = YES;
				CLANG_WARN_NON_LITERAL_NULL_CONVERSION = YES;
				CLANG_WARN_OBJC_IMPLICIT_RETAIN_SELF = YES;
				CLANG_WARN_OBJC_LITERAL_CONVERSION = YES;
				CLANG_WARN_OBJC_ROOT_CLASS = YES_ERROR;
				CLANG_WARN_QUOTED_INCLUDE_IN_FRAMEWORK_HEADER = YES;
				CLANG_WARN_RANGE_LOOP_ANALYSIS = YES;
				CLANG_WARN_STRICT_PROTOTYPES = YES;
				CLANG_WARN_SUSPICIOUS_MOVE = YES;
				CLANG_WARN_UNGUARDED_AVAILABILITY = YES_AGGRESSIVE;
				CLANG_WARN_UNREACHABLE_CODE = YES;
				CLANG_WARN__DUPLICATE_METHOD_MATCH = YES;
				COPY_PHASE_STRIP = NO;
				DEBUG_INFORMATION_FORMAT = "dwarf-with-dsym";
				DEVELOPMENT_TEAM = L49MKXGVM4;
				ENABLE_NS_ASSERTIONS = NO;
				ENABLE_STRICT_OBJC_MSGSEND = YES;
				ENABLE_USER_SCRIPT_SANDBOXING = YES;
				GCC_C_LANGUAGE_STANDARD = gnu17;
				GCC_NO_COMMON_BLOCKS = YES;
				GCC_WARN_64_TO_32_BIT_CONVERSION = YES;
				GCC_WARN_ABOUT_RETURN_TYPE = YES_ERROR;
				GCC_WARN_UNDECLARED_SELECTOR = YES;
				GCC_WARN_UNINITIALIZED_AUTOS = YES_AGGRESSIVE;
				GCC_WARN_UNUSED_FUNCTION = YES;
				GCC_WARN_UNUSED_VARIABLE = YES;
				IPHONEOS_DEPLOYMENT_TARGET = 26.2;
				LOCALIZATION_PREFERS_STRING_CATALOGS = YES;
				MTL_ENABLE_DEBUG_INFO = NO;
				MTL_FAST_MATH = YES;
				SDKROOT = iphoneos;
				SWIFT_COMPILATION_MODE = wholemodule;
				VALIDATE_PRODUCT = YES;
			};
			name = Release;
		};
		C6B1ED6F2F154BA20044510C /* Debug */ = {
			isa = XCBuildConfiguration;
			buildSettings = {
				ASSETCATALOG_COMPILER_APPICON_NAME = AppIcon;
				ASSETCATALOG_COMPILER_GLOBAL_ACCENT_COLOR_NAME = AccentColor;
				CODE_SIGN_STYLE = Automatic;
				CURRENT_PROJECT_VERSION = 1;
				DEVELOPMENT_TEAM = L49MKXGVM4;
				ENABLE_PREVIEWS = YES;
				GENERATE_INFOPLIST_FILE = YES;
				INFOPLIST_KEY_CFBundleIconName = AppIcon;
				INFOPLIST_KEY_UIApplicationSceneManifest_Generation = YES;
				INFOPLIST_KEY_UIApplicationSupportsIndirectInputEvents = YES;
				INFOPLIST_KEY_UILaunchScreen_Generation = YES;
				INFOPLIST_KEY_UISupportedInterfaceOrientations_iPad = "UIInterfaceOrientationPortrait UIInterfaceOrientationPortraitUpsideDown UIInterfaceOrientationLandscapeLeft UIInterfaceOrientationLandscapeRight";
				INFOPLIST_KEY_UISupportedInterfaceOrientations_iPhone = "UIInterfaceOrientationPortrait UIInterfaceOrientationLandscapeLeft UIInterfaceOrientationLandscapeRight";
				LD_RUNPATH_SEARCH_PATHS = (
					"$(inherited)",
					"@executable_path/Frameworks",
				);
				MARKETING_VERSION = 1.0;
				PRODUCT_BUNDLE_IDENTIFIER = Prism.marble;
				PRODUCT_NAME = "$(TARGET_NAME)";
				STRING_CATALOG_GENERATE_SYMBOLS = YES;
				SWIFT_APPROACHABLE_CONCURRENCY = YES;
				SWIFT_DEFAULT_ACTOR_ISOLATION = MainActor;
				SWIFT_EMIT_LOC_STRINGS = YES;
				SWIFT_UPCOMING_FEATURE_MEMBER_IMPORT_VISIBILITY = YES;
				SWIFT_VERSION = 5.0;
				TARGETED_DEVICE_FAMILY = "1,2";
			};
			name = Debug;
		};
		C6B1ED702F154BA20044510C /* Release */ = {
			isa = XCBuildConfiguration;
			buildSettings = {
				ASSETCATALOG_COMPILER_APPICON_NAME = AppIcon;
				ASSETCATALOG_COMPILER_GLOBAL_ACCENT_COLOR_NAME = AccentColor;
				CODE_SIGN_STYLE = Automatic;
				CURRENT_PROJECT_VERSION = 1;
				DEVELOPMENT_TEAM = L49MKXGVM4;
				ENABLE_PREVIEWS = YES;
				GENERATE_INFOPLIST_FILE = YES;
				INFOPLIST_KEY_CFBundleIconName = AppIcon;
				INFOPLIST_KEY_UIApplicationSceneManifest_Generation = YES;
				INFOPLIST_KEY_UIApplicationSupportsIndirectInputEvents = YES;
				INFOPLIST_KEY_UILaunchScreen_Generation = YES;
				INFOPLIST_KEY_UISupportedInterfaceOrientations_iPad = "UIInterfaceOrientationPortrait UIInterfaceOrientationPortraitUpsideDown UIInterfaceOrientationLandscapeLeft UIInterfaceOrientationLandscapeRight";
				INFOPLIST_KEY_UISupportedInterfaceOrientations_iPhone = "UIInterfaceOrientationPortrait UIInterfaceOrientationLandscapeLeft UIInterfaceOrientationLandscapeRight";
				LD_RUNPATH_SEARCH_PATHS = (
					"$(inherited)",
					"@executable_path/Frameworks",
				);
				MARKETING_VERSION = 1.0;
				PRODUCT_BUNDLE_IDENTIFIER = Prism.marble;
				PRODUCT_NAME = "$(TARGET_NAME)";
				STRING_CATALOG_GENERATE_SYMBOLS = YES;
				SWIFT_APPROACHABLE_CONCURRENCY = YES;
				SWIFT_DEFAULT_ACTOR_ISOLATION = MainActor;
				SWIFT_EMIT_LOC_STRINGS = YES;
				SWIFT_UPCOMING_FEATURE_MEMBER_IMPORT_VISIBILITY = YES;
				SWIFT_VERSION = 5.0;
				TARGETED_DEVICE_FAMILY = "1,2";
			};
			name = Release;
		};
		F36FACE0E868369E35880E52 /* Debug */ = {
			isa = XCBuildConfiguration;
			buildSettings = {
				BUNDLE_LOADER = "$(TEST_HOST)";
				CODE_SIGN_STYLE = Automatic;
				DEVELOPMENT_TEAM = L49MKXGVM4;
				GENERATE_INFOPLIST_FILE = YES;
				IPHONEOS_DEPLOYMENT_TARGET = 26.2;
				LD_RUNPATH_SEARCH_PATHS = (
					"$(inherited)",
					"@executable_path/Frameworks",
					"@loader_path/Frameworks",
				);
				PRODUCT_BUNDLE_IDENTIFIER = Prism.marbleSnapshotTests;
				PRODUCT_NAME = "$(TARGET_NAME)";
				SWIFT_ACTIVE_COMPILATION_CONDITIONS = "DEBUG $(inherited)";
				SWIFT_VERSION = 5.0;
				TARGETED_DEVICE_FAMILY = "1,2";
				TEST_HOST = "$(BUILT_PRODUCTS_DIR)/marble.app/$(BUNDLE_EXECUTABLE_FOLDER_PATH)/marble";
			};
			name = Debug;
		};
		F43044C33E3640F7D20D52FA /* Debug */ = {
			isa = XCBuildConfiguration;
			buildSettings = {
				BUNDLE_LOADER = "$(TEST_HOST)";
				CODE_SIGN_STYLE = Automatic;
				DEVELOPMENT_TEAM = L49MKXGVM4;
				GENERATE_INFOPLIST_FILE = YES;
				IPHONEOS_DEPLOYMENT_TARGET = 26.2;
				LD_RUNPATH_SEARCH_PATHS = (
					"$(inherited)",
					"@executable_path/Frameworks",
					"@loader_path/Frameworks",
				);
				PRODUCT_BUNDLE_IDENTIFIER = Prism.marbleTests;
				PRODUCT_NAME = "$(TARGET_NAME)";
				SWIFT_ACTIVE_COMPILATION_CONDITIONS = "DEBUG $(inherited)";
				SWIFT_VERSION = 5.0;
				TARGETED_DEVICE_FAMILY = "1,2";
				TEST_HOST = "$(BUILT_PRODUCTS_DIR)/marble.app/$(BUNDLE_EXECUTABLE_FOLDER_PATH)/marble";
			};
			name = Debug;
		};
/* End XCBuildConfiguration section */

/* Begin XCConfigurationList section */
		094788CC2EF0F8DE553A1929 /* Build configuration list for PBXNativeTarget "MarbleTests" */ = {
			isa = XCConfigurationList;
			buildConfigurations = (
				F43044C33E3640F7D20D52FA /* Debug */,
				3B0870E21EE1E108AFEAF036 /* Release */,
			);
			defaultConfigurationIsVisible = 0;
			defaultConfigurationName = Release;
		};
		4498D3C8D4046ABF00CBE27C /* Build configuration list for PBXNativeTarget "MarbleSnapshotTests" */ = {
			isa = XCConfigurationList;
			buildConfigurations = (
				F36FACE0E868369E35880E52 /* Debug */,
				4624DB0B73D5A6B25C9999D4 /* Release */,
			);
			defaultConfigurationIsVisible = 0;
			defaultConfigurationName = Release;
		};
		C6B1ED5E2F154BA20044510C /* Build configuration list for PBXProject "marble" */ = {
			isa = XCConfigurationList;
			buildConfigurations = (
				C6B1ED6C2F154BA20044510C /* Debug */,
				C6B1ED6D2F154BA20044510C /* Release */,
			);
			defaultConfigurationIsVisible = 0;
			defaultConfigurationName = Release;
		};
		C6B1ED6E2F154BA20044510C /* Build configuration list for PBXNativeTarget "marble" */ = {
			isa = XCConfigurationList;
			buildConfigurations = (
				C6B1ED6F2F154BA20044510C /* Debug */,
				C6B1ED702F154BA20044510C /* Release */,
			);
			defaultConfigurationIsVisible = 0;
			defaultConfigurationName = Release;
		};
		E1ACAC3E3B4763C0B3AA4A98 /* Build configuration list for PBXNativeTarget "MarbleUITests" */ = {
			isa = XCConfigurationList;
			buildConfigurations = (
				A23D1DD937DF9C0C8D938691 /* Debug */,
				5BE47C2DEADEF496BB225E93 /* Release */,
			);
			defaultConfigurationIsVisible = 0;
			defaultConfigurationName = Release;
		};
/* End XCConfigurationList section */

/* Begin XCRemoteSwiftPackageReference section */
		79796DE8CCEC1D4EAB7E81B1 /* XCRemoteSwiftPackageReference "swift-snapshot-testing" */ = {
			isa = XCRemoteSwiftPackageReference;
			repositoryURL = "https://github.com/pointfreeco/swift-snapshot-testing";
			requirement = {
				kind = upToNextMajorVersion;
				minimumVersion = 1.12.0;
			};
		};
/* End XCRemoteSwiftPackageReference section */

/* Begin XCSwiftPackageProductDependency section */
		F6861D087885DB9D6C488F42 /* SnapshotTesting */ = {
			isa = XCSwiftPackageProductDependency;
			package = 79796DE8CCEC1D4EAB7E81B1 /* XCRemoteSwiftPackageReference "swift-snapshot-testing" */;
			productName = SnapshotTesting;
		};
/* End XCSwiftPackageProductDependency section */
	};
	rootObject = C6B1ED5B2F154BA20044510C /* Project object */;
}
